{
  "nodes": {
    "blog": {
      "inputs": {
        "flake-utils": [
          "flake-utils"
        ],
        "nixpkgs": [
          "nixpkgs"
        ]
      },
      "locked": {
        "lastModified": 1640186331,
        "narHash": "sha256-qwp0zKq18fp5DWBm2sOSZsy9yeSvcMzVjDekZJW7I7c=",
        "owner": "NickCao",
        "repo": "blog",
        "rev": "951d59a7deb6538fe495572f94a4d54acb1031ff",
        "type": "gitlab"
      },
      "original": {
        "owner": "NickCao",
        "repo": "blog",
        "type": "gitlab"
      }
    },
    "bootspec": {
      "inputs": {
        "nixpkgs": [
          "nixpkgs"
        ]
      },
      "locked": {
        "lastModified": 1641020520,
        "narHash": "sha256-HHhTxCiKpJ+GnSieVeuu8YtdcZd3Rv5AChDmLTCfxwU=",
        "owner": "NickCao",
        "repo": "bootspec",
        "rev": "281c029d4f67706cc0ae23093ecae78e12f905c7",
        "type": "github"
      },
      "original": {
        "owner": "NickCao",
        "ref": "main",
        "repo": "bootspec",
        "type": "github"
      }
    },
    "deploy-rs": {
      "inputs": {
        "flake-compat": [
          "flake-compat"
        ],
        "nixpkgs": [
          "nixpkgs"
        ],
        "utils": [
          "flake-utils"
        ]
      },
      "locked": {
        "lastModified": 1642113498,
        "narHash": "sha256-4tNIt2EGDppYQI06gsid0QKW5dtBEOAiNKfMYC8wxv8=",
        "owner": "serokell",
        "repo": "deploy-rs",
        "rev": "0ac333cdc03407538b5b19d60a8e7c64588490fb",
        "type": "github"
      },
      "original": {
        "owner": "serokell",
        "repo": "deploy-rs",
        "type": "github"
      }
    },
    "dns": {
      "inputs": {
        "flake-utils": [
          "flake-utils"
        ],
        "nixpkgs": [
          "nixpkgs"
        ]
      },
      "locked": {
        "lastModified": 1635273082,
        "narHash": "sha256-EHiDP2jEa7Ai5ZwIf5uld9RVFcV77+2SUxjQXwJsJa0=",
        "owner": "kirelagin",
        "repo": "dns.nix",
        "rev": "c7b9645da9c0ddce4f9de4ef27ec01bb8108039a",
        "type": "github"
      },
      "original": {
        "owner": "kirelagin",
        "repo": "dns.nix",
        "type": "github"
      }
    },
    "flake-compat": {
      "flake": false,
      "locked": {
        "lastModified": 1641205782,
        "narHash": "sha256-4jY7RCWUoZ9cKD8co0/4tFARpWB+57+r1bLLvXNJliY=",
        "owner": "edolstra",
        "repo": "flake-compat",
        "rev": "b7547d3eed6f32d06102ead8991ec52ab0a4f1a7",
        "type": "github"
      },
      "original": {
        "owner": "edolstra",
        "repo": "flake-compat",
        "type": "github"
      }
    },
    "flake-utils": {
      "locked": {
        "lastModified": 1642700792,
        "narHash": "sha256-XqHrk7hFb+zBvRg6Ghl+AZDq03ov6OshJLiSWOoX5es=",
        "owner": "numtide",
        "repo": "flake-utils",
        "rev": "846b2ae0fc4cc943637d3d1def4454213e203cba",
        "type": "github"
      },
      "original": {
        "owner": "numtide",
        "repo": "flake-utils",
        "type": "github"
      }
    },
    "fn": {
      "inputs": {
        "flake-utils": [
          "flake-utils"
        ],
        "nixpkgs": [
          "nixpkgs"
        ],
        "rust-overlay": [
          "rust-overlay"
        ]
      },
      "locked": {
        "lastModified": 1642749384,
        "narHash": "sha256-e/pwByiYPUgqZ/E3lyoko76g5CteYKXHC/CDgirJXeM=",
        "owner": "NickCao",
        "repo": "fn",
        "rev": "b90b1954b02736eb966ed1fdfc5e05492559966b",
        "type": "gitlab"
      },
      "original": {
        "owner": "NickCao",
        "repo": "fn",
        "type": "gitlab"
      }
    },
    "home-manager": {
      "inputs": {
        "nixpkgs": [
          "nixpkgs"
        ]
      },
      "locked": {
        "lastModified": 1642676973,
        "narHash": "sha256-bLQ6n0pXYaIuNSyJnm30JGCfjmuTi59qAmj8S2ExDXI=",
        "owner": "nix-community",
        "repo": "home-manager",
        "rev": "7eb5106548eaab99ebeb21c87f93092de54fe931",
        "type": "github"
      },
      "original": {
        "owner": "nix-community",
        "repo": "home-manager",
        "type": "github"
      }
    },
    "impermanence": {
      "locked": {
        "lastModified": 1642362310,
        "narHash": "sha256-/ZkAKJpvAFG9Nd0kOUUmqLb1pKOa0cpU832khuxUAUo=",
        "owner": "nix-community",
        "repo": "impermanence",
        "rev": "ff2240b04ffb9322241b9f6374305cbf6a98a285",
        "type": "github"
      },
      "original": {
        "owner": "nix-community",
        "repo": "impermanence",
        "type": "github"
      }
    },
    "nixbot": {
      "inputs": {
        "flake-utils": [
          "flake-utils"
        ],
        "nixpkgs": "nixpkgs"
      },
      "locked": {
        "lastModified": 1622908748,
        "narHash": "sha256-IaRrYREmHLxxtu8rz3MQV2yJQZ7e6QqW2L4tWurx0QQ=",
        "owner": "Ninlives",
        "repo": "nixbot-telegram",
        "rev": "c463a41ad7ce8bbb976d7e2a4d970569ea22f5e6",
        "type": "github"
      },
      "original": {
        "owner": "Ninlives",
        "repo": "nixbot-telegram",
        "type": "github"
      }
    },
    "nixpkgs": {
      "locked": {
        "lastModified": 1596045977,
        "narHash": "sha256-0h5ylQcPZDeKJfUaXKo2vgsqYAbBpH1F2RA1H7r/Aro=",
        "owner": "NixOS",
        "repo": "nixpkgs",
        "rev": "1526f4534d360eb654e012fe2225235ad42b804e",
        "type": "github"
      },
      "original": {
        "owner": "NixOS",
        "repo": "nixpkgs",
        "type": "github"
      }
    },
    "nixpkgs_2": {
      "locked": {
        "lastModified": 1642727411,
        "narHash": "sha256-WPNVM0vgUPkNoZk9jmxpms3FUifoqzgnFYQfz5O/DKE=",
        "owner": "NickCao",
        "repo": "nixpkgs",
        "rev": "513886c2a401b30052e14f68b58e9f3076851dc6",
        "type": "github"
      },
      "original": {
        "owner": "NickCao",
        "ref": "nixos-unstable-small",
        "repo": "nixpkgs",
        "type": "github"
      }
    },
    "nvfetcher": {
      "inputs": {
        "flake-compat": [
          "flake-compat"
        ],
        "flake-utils": [
          "flake-utils"
        ],
        "nixpkgs": [
          "nixpkgs"
        ]
      },
      "locked": {
        "lastModified": 1642013624,
        "narHash": "sha256-LjE6uGfAeJ8rm4KpIfkpdnQ42XflZWZDhVAhgfgRXkg=",
        "owner": "berberman",
        "repo": "nvfetcher",
        "rev": "ac6f8d2f09e91d2095bc9814beda937a3db9ab6d",
        "type": "github"
      },
      "original": {
        "owner": "berberman",
        "repo": "nvfetcher",
        "type": "github"
      }
    },
    "root": {
      "inputs": {
        "blog": "blog",
        "bootspec": "bootspec",
        "deploy-rs": "deploy-rs",
        "dns": "dns",
        "flake-compat": "flake-compat",
        "flake-utils": "flake-utils",
        "fn": "fn",
        "home-manager": "home-manager",
        "impermanence": "impermanence",
        "nixbot": "nixbot",
        "nixpkgs": "nixpkgs_2",
        "nvfetcher": "nvfetcher",
        "rust-overlay": "rust-overlay",
        "sops-nix": "sops-nix"
      }
    },
    "rust-overlay": {
      "inputs": {
        "flake-utils": [
          "flake-utils"
        ],
        "nixpkgs": [
          "nixpkgs"
        ]
      },
      "locked": {
        "lastModified": 1642646417,
        "narHash": "sha256-1PN44kOjxk6fYeeE8qTo8k+oa4Fa4Mg5UVLPVzuhBpA=",
        "owner": "oxalica",
        "repo": "rust-overlay",
        "rev": "85dcf1a4e4897db4420f2c0a3eaf7bb4693914bc",
        "type": "github"
      },
      "original": {
        "owner": "oxalica",
        "repo": "rust-overlay",
        "type": "github"
      }
    },
    "sops-nix": {
      "inputs": {
        "nixpkgs": [
          "nixpkgs"
        ]
      },
      "locked": {
        "lastModified": 1641374494,
        "narHash": "sha256-a56G6Um43+0+n+yNYhRCh/mSvDdRVzQHSKcFaDEB9/8=",
        "owner": "Mic92",
        "repo": "sops-nix",
        "rev": "7edb4b080023ef12f39262a3aa7aab31015a7a0e",
        "type": "github"
      },
      "original": {
        "owner": "Mic92",
        "repo": "sops-nix",
        "type": "github"
      }
    }
  },
  "root": "root",
  "version": 7
}
