{
  "nodes": {
    "flake-utils": {
      "locked": {
        "lastModified": 1605370193,
        "narHash": "sha256-YyMTf3URDL/otKdKgtoMChu4vfVL3vCMkRqpGifhUn0=",
        "owner": "numtide",
        "repo": "flake-utils",
        "rev": "5021eac20303a61fafe17224c087f5519baed54d",
        "type": "github"
      },
      "original": {
        "owner": "numtide",
        "repo": "flake-utils",
        "type": "github"
      }
    },
    "nixpkgs": {
      "locked": {
        "lastModified": 1606251485,
        "narHash": "sha256-1WvP97lDV/EvCsF0pnE9UnlAcc5l2m7bxLH6srYmDS8=",
        "owner": "NixOS",
        "repo": "nixpkgs",
        "rev": "6f0c00907bbd81b47052eef59f7b284926a77289",
        "type": "github"
      },
      "original": {
        "owner": "NixOS",
        "ref": "nixos-unstable",
        "repo": "nixpkgs",
        "type": "github"
      }
    },
    "root": {
      "inputs": {
        "flake-utils": "flake-utils",
        "nixpkgs": "nixpkgs"
      }
    }
  },
  "root": "root",
  "version": 7
}
